{
  "name": "05_lambdas",
  "lockfileVersion": 3,
  "requires": true,
  "packages": {
    "": {
      "name": "05_lambdas",
      "workspaces": [
        "2025-07-12-func-02-hello-world-stream",
        "libs"
      ],
      "dependencies": {
        "dotenv": "^17.0.1"
      },
      "devDependencies": {
        "@types/node": "^24.0.12",
        "typescript": "^5.0.0"
      }
    },
    "libs": {
      "name": "@05_lambdas/libs",
      "version": "0.0.1",
      "dependencies": {
        "tiktoken": "^1.0.21"
      }
    },
    "node_modules/@05_lambdas/libs": {
      "resolved": "libs",
      "link": true
    },
    "node_modules/@types/node": {
      "version": "24.0.12",
      "dev": true,
      "license": "MIT",
      "dependencies": {
        "undici-types": "~7.8.0"
      }
    },
    "node_modules/dotenv": {
      "version": "17.2.0",
      "license": "BSD-2-Clause",
      "engines": {
        "node": ">=12"
      },
      "funding": {
        "url": "https://dotenvx.com"
      }
    },
    "node_modules/tiktoken": {
      "version": "1.0.21",
      "resolved": "https://registry.npmjs.org/tiktoken/-/tiktoken-1.0.21.tgz",
      "integrity": "sha512-/kqtlepLMptX0OgbYD9aMYbM7EFrMZCL7EoHM8Psmg2FuhXoo/bH64KqOiZGGwa6oS9TPdSEDKBnV2LuB8+5vQ==",
      "license": "MIT"
    },
    "node_modules/typescript": {
      "version": "5.8.3",
      "dev": true,
      "license": "Apache-2.0",
      "bin": {
        "tsc": "bin/tsc",
        "tsserver": "bin/tsserver"
      },
      "engines": {
        "node": ">=14.17"
      }
    },
    "node_modules/undici-types": {
      "version": "7.8.0",
      "dev": true,
      "license": "MIT"
    }
  }
}
